// !$*UTF8*$!
{
	archiveVersion = 1;
	classes = {
	};
	objectVersion = 46;
	objects = {

/* Begin PBXBuildFile section */
		00A6758D195576A3004CED02 /* MapPoint.m in Sources */ = {isa = PBXBuildFile; fileRef = 00A6758C195576A3004CED02 /* MapPoint.m */; };
		00ACB3C019540FCC0055A6B4 /* Foundation.framework in Frameworks */ = {isa = PBXBuildFile; fileRef = 00ACB3BF19540FCC0055A6B4 /* Foundation.framework */; };
		00ACB3C219540FCD0055A6B4 /* CoreGraphics.framework in Frameworks */ = {isa = PBXBuildFile; fileRef = 00ACB3C119540FCD0055A6B4 /* CoreGraphics.framework */; };
		00ACB3C419540FCD0055A6B4 /* UIKit.framework in Frameworks */ = {isa = PBXBuildFile; fileRef = 00ACB3C319540FCD0055A6B4 /* UIKit.framework */; };
		00ACB3CA19540FCD0055A6B4 /* InfoPlist.strings in Resources */ = {isa = PBXBuildFile; fileRef = 00ACB3C819540FCD0055A6B4 /* InfoPlist.strings */; };
		00ACB3CC19540FCD0055A6B4 /* main.m in Sources */ = {isa = PBXBuildFile; fileRef = 00ACB3CB19540FCD0055A6B4 /* main.m */; };
		00ACB3D019540FCD0055A6B4 /* AppDelegate.m in Sources */ = {isa = PBXBuildFile; fileRef = 00ACB3CF19540FCD0055A6B4 /* AppDelegate.m */; };
		00ACB3D219540FCD0055A6B4 /* Images.xcassets in Resources */ = {isa = PBXBuildFile; fileRef = 00ACB3D119540FCD0055A6B4 /* Images.xcassets */; };
		00ACB3D919540FCD0055A6B4 /* XCTest.framework in Frameworks */ = {isa = PBXBuildFile; fileRef = 00ACB3D819540FCD0055A6B4 /* XCTest.framework */; };
		00ACB3DA19540FCD0055A6B4 /* Foundation.framework in Frameworks */ = {isa = PBXBuildFile; fileRef = 00ACB3BF19540FCC0055A6B4 /* Foundation.framework */; };
		00ACB3DB19540FCD0055A6B4 /* UIKit.framework in Frameworks */ = {isa = PBXBuildFile; fileRef = 00ACB3C319540FCD0055A6B4 /* UIKit.framework */; };
		00ACB3E319540FCD0055A6B4 /* InfoPlist.strings in Resources */ = {isa = PBXBuildFile; fileRef = 00ACB3E119540FCD0055A6B4 /* InfoPlist.strings */; };
		00ACB3E519540FCD0055A6B4 /* mapBYmeTests.m in Sources */ = {isa = PBXBuildFile; fileRef = 00ACB3E419540FCD0055A6B4 /* mapBYmeTests.m */; };
		00ACB3F21954100A0055A6B4 /* ViewControllerMap.m in Sources */ = {isa = PBXBuildFile; fileRef = 00ACB3F01954100A0055A6B4 /* ViewControllerMap.m */; };
		00ACB3F31954100A0055A6B4 /* ViewControllerMap.xib in Resources */ = {isa = PBXBuildFile; fileRef = 00ACB3F11954100A0055A6B4 /* ViewControllerMap.xib */; };
		00ACB3F51954110A0055A6B4 /* MapKit.framework in Frameworks */ = {isa = PBXBuildFile; fileRef = 00ACB3F41954110A0055A6B4 /* MapKit.framework */; };
		00AF63F3195C12420001191D /* red_point.png in Resources */ = {isa = PBXBuildFile; fileRef = 00AF63F2195C12420001191D /* red_point.png */; };
/* End PBXBuildFile section */

/* Begin PBXContainerItemProxy section */
		00ACB3DC19540FCD0055A6B4 /* PBXContainerItemProxy */ = {
			isa = PBXContainerItemProxy;
			containerPortal = 00ACB3B419540FCC0055A6B4 /* Project object */;
			proxyType = 1;
			remoteGlobalIDString = 00ACB3BB19540FCC0055A6B4;
			remoteInfo = mapBYme;
		};
/* End PBXContainerItemProxy section */

/* Begin PBXFileReference section */
		00A6758B195576A3004CED02 /* MapPoint.h */ = {isa = PBXFileReference; fileEncoding = 4; lastKnownFileType = sourcecode.c.h; path = MapPoint.h; sourceTree = "<group>"; };
		00A6758C195576A3004CED02 /* MapPoint.m */ = {isa = PBXFileReference; fileEncoding = 4; lastKnownFileType = sourcecode.c.objc; path = MapPoint.m; sourceTree = "<group>"; };
		00ACB3BC19540FCC0055A6B4 /* mapBYme.app */ = {isa = PBXFileReference; explicitFileType = wrapper.application; includeInIndex = 0; path = mapBYme.app; sourceTree = BUILT_PRODUCTS_DIR; };
		00ACB3BF19540FCC0055A6B4 /* Foundation.framework */ = {isa = PBXFileReference; lastKnownFileType = wrapper.framework; name = Foundation.framework; path = System/Library/Frameworks/Foundation.framework; sourceTree = SDKROOT; };
		00ACB3C119540FCD0055A6B4 /* CoreGraphics.framework */ = {isa = PBXFileReference; lastKnownFileType = wrapper.framework; name = CoreGraphics.framework; path = System/Library/Frameworks/CoreGraphics.framework; sourceTree = SDKROOT; };
		00ACB3C319540FCD0055A6B4 /* UIKit.framework */ = {isa = PBXFileReference; lastKnownFileType = wrapper.framework; name = UIKit.framework; path = System/Library/Frameworks/UIKit.framework; sourceTree = SDKROOT; };
		00ACB3C719540FCD0055A6B4 /* mapBYme-Info.plist */ = {isa = PBXFileReference; lastKnownFileType = text.plist.xml; path = "mapBYme-Info.plist"; sourceTree = "<group>"; };
		00ACB3C919540FCD0055A6B4 /* en */ = {isa = PBXFileReference; lastKnownFileType = text.plist.strings; name = en; path = en.lproj/InfoPlist.strings; sourceTree = "<group>"; };
		00ACB3CB19540FCD0055A6B4 /* main.m */ = {isa = PBXFileReference; lastKnownFileType = sourcecode.c.objc; path = main.m; sourceTree = "<group>"; };
		00ACB3CD19540FCD0055A6B4 /* mapBYme-Prefix.pch */ = {isa = PBXFileReference; lastKnownFileType = sourcecode.c.h; path = "mapBYme-Prefix.pch"; sourceTree = "<group>"; };
		00ACB3CE19540FCD0055A6B4 /* AppDelegate.h */ = {isa = PBXFileReference; lastKnownFileType = sourcecode.c.h; path = AppDelegate.h; sourceTree = "<group>"; };
		00ACB3CF19540FCD0055A6B4 /* AppDelegate.m */ = {isa = PBXFileReference; lastKnownFileType = sourcecode.c.objc; path = AppDelegate.m; sourceTree = "<group>"; };
		00ACB3D119540FCD0055A6B4 /* Images.xcassets */ = {isa = PBXFileReference; lastKnownFileType = folder.assetcatalog; path = Images.xcassets; sourceTree = "<group>"; };
		00ACB3D719540FCD0055A6B4 /* mapBYmeTests.xctest */ = {isa = PBXFileReference; explicitFileType = wrapper.cfbundle; includeInIndex = 0; path = mapBYmeTests.xctest; sourceTree = BUILT_PRODUCTS_DIR; };
		00ACB3D819540FCD0055A6B4 /* XCTest.framework */ = {isa = PBXFileReference; lastKnownFileType = wrapper.framework; name = XCTest.framework; path = Library/Frameworks/XCTest.framework; sourceTree = DEVELOPER_DIR; };
		00ACB3E019540FCD0055A6B4 /* mapBYmeTests-Info.plist */ = {isa = PBXFileReference; lastKnownFileType = text.plist.xml; path = "mapBYmeTests-Info.plist"; sourceTree = "<group>"; };
		00ACB3E219540FCD0055A6B4 /* en */ = {isa = PBXFileReference; lastKnownFileType = text.plist.strings; name = en; path = en.lproj/InfoPlist.strings; sourceTree = "<group>"; };
		00ACB3E419540FCD0055A6B4 /* mapBYmeTests.m */ = {isa = PBXFileReference; lastKnownFileType = sourcecode.c.objc; path = mapBYmeTests.m; sourceTree = "<group>"; };
		00ACB3EF1954100A0055A6B4 /* ViewControllerMap.h */ = {isa = PBXFileReference; fileEncoding = 4; lastKnownFileType = sourcecode.c.h; path = ViewControllerMap.h; sourceTree = "<group>"; };
		00ACB3F01954100A0055A6B4 /* ViewControllerMap.m */ = {isa = PBXFileReference; fileEncoding = 4; lastKnownFileType = sourcecode.c.objc; path = ViewControllerMap.m; sourceTree = "<group>"; };
		00ACB3F11954100A0055A6B4 /* ViewControllerMap.xib */ = {isa = PBXFileReference; fileEncoding = 4; lastKnownFileType = file.xib; path = ViewControllerMap.xib; sourceTree = "<group>"; };
		00ACB3F41954110A0055A6B4 /* MapKit.framework */ = {isa = PBXFileReference; lastKnownFileType = wrapper.framework; name = MapKit.framework; path = System/Library/Frameworks/MapKit.framework; sourceTree = SDKROOT; };
		00AF63F2195C12420001191D /* red_point.png */ = {isa = PBXFileReference; lastKnownFileType = image.png; path = red_point.png; sourceTree = "<group>"; };
/* End PBXFileReference section */

/* Begin PBXFrameworksBuildPhase section */
		00ACB3B919540FCC0055A6B4 /* Frameworks */ = {
			isa = PBXFrameworksBuildPhase;
			buildActionMask = 2147483647;
			files = (
				00ACB3F51954110A0055A6B4 /* MapKit.framework in Frameworks */,
				00ACB3C219540FCD0055A6B4 /* CoreGraphics.framework in Frameworks */,
				00ACB3C419540FCD0055A6B4 /* UIKit.framework in Frameworks */,
				00ACB3C019540FCC0055A6B4 /* Foundation.framework in Frameworks */,
			);
			runOnlyForDeploymentPostprocessing = 0;
		};
		00ACB3D419540FCD0055A6B4 /* Frameworks */ = {
			isa = PBXFrameworksBuildPhase;
			buildActionMask = 2147483647;
			files = (
				00ACB3D919540FCD0055A6B4 /* XCTest.framework in Frameworks */,
				00ACB3DB19540FCD0055A6B4 /* UIKit.framework in Frameworks */,
				00ACB3DA19540FCD0055A6B4 /* Foundation.framework in Frameworks */,
			);
			runOnlyForDeploymentPostprocessing = 0;
		};
/* End PBXFrameworksBuildPhase section */

/* Begin PBXGroup section */
		00ACB3B319540FCC0055A6B4 = {
			isa = PBXGroup;
			children = (
				00AF63F2195C12420001191D /* red_point.png */,
				00ACB3EE19540FEF0055A6B4 /* mapview */,
				00ACB3C519540FCD0055A6B4 /* mapBYme */,
				00ACB3DE19540FCD0055A6B4 /* mapBYmeTests */,
				00ACB3BE19540FCC0055A6B4 /* Frameworks */,
				00ACB3BD19540FCC0055A6B4 /* Products */,
			);
			sourceTree = "<group>";
		};
		00ACB3BD19540FCC0055A6B4 /* Products */ = {
			isa = PBXGroup;
			children = (
				00ACB3BC19540FCC0055A6B4 /* mapBYme.app */,
				00ACB3D719540FCD0055A6B4 /* mapBYmeTests.xctest */,
			);
			name = Products;
			sourceTree = "<group>";
		};
		00ACB3BE19540FCC0055A6B4 /* Frameworks */ = {
			isa = PBXGroup;
			children = (
				00ACB3F41954110A0055A6B4 /* MapKit.framework */,
				00ACB3BF19540FCC0055A6B4 /* Foundation.framework */,
				00ACB3C119540FCD0055A6B4 /* CoreGraphics.framework */,
				00ACB3C319540FCD0055A6B4 /* UIKit.framework */,
				00ACB3D819540FCD0055A6B4 /* XCTest.framework */,
			);
			name = Frameworks;
			sourceTree = "<group>";
		};
		00ACB3C519540FCD0055A6B4 /* mapBYme */ = {
			isa = PBXGroup;
			children = (
				00ACB3CE19540FCD0055A6B4 /* AppDelegate.h */,
				00ACB3CF19540FCD0055A6B4 /* AppDelegate.m */,
				00ACB3D119540FCD0055A6B4 /* Images.xcassets */,
				00ACB3C619540FCD0055A6B4 /* Supporting Files */,
			);
			path = mapBYme;
			sourceTree = "<group>";
		};
		00ACB3C619540FCD0055A6B4 /* Supporting Files */ = {
			isa = PBXGroup;
			children = (
				00ACB3C719540FCD0055A6B4 /* mapBYme-Info.plist */,
				00ACB3C819540FCD0055A6B4 /* InfoPlist.strings */,
				00ACB3CB19540FCD0055A6B4 /* main.m */,
				00ACB3CD19540FCD0055A6B4 /* mapBYme-Prefix.pch */,
			);
			name = "Supporting Files";
			sourceTree = "<group>";
		};
		00ACB3DE19540FCD0055A6B4 /* mapBYmeTests */ = {
			isa = PBXGroup;
			children = (
				00ACB3E419540FCD0055A6B4 /* mapBYmeTests.m */,
				00ACB3DF19540FCD0055A6B4 /* Supporting Files */,
			);
			path = mapBYmeTests;
			sourceTree = "<group>";
		};
		00ACB3DF19540FCD0055A6B4 /* Supporting Files */ = {
			isa = PBXGroup;
			children = (
				00ACB3E019540FCD0055A6B4 /* mapBYmeTests-Info.plist */,
				00ACB3E119540FCD0055A6B4 /* InfoPlist.strings */,
			);
			name = "Supporting Files";
			sourceTree = "<group>";
		};
		00ACB3EE19540FEF0055A6B4 /* mapview */ = {
			isa = PBXGroup;
			children = (
				00A6758B195576A3004CED02 /* MapPoint.h */,
				00A6758C195576A3004CED02 /* MapPoint.m */,
				00ACB3EF1954100A0055A6B4 /* ViewControllerMap.h */,
				00ACB3F01954100A0055A6B4 /* ViewControllerMap.m */,
				00ACB3F11954100A0055A6B4 /* ViewControllerMap.xib */,
			);
			name = mapview;
			sourceTree = "<group>";
		};
/* End PBXGroup section */

/* Begin PBXNativeTarget section */
		00ACB3BB19540FCC0055A6B4 /* mapBYme */ = {
			isa = PBXNativeTarget;
			buildConfigurationList = 00ACB3E819540FCD0055A6B4 /* Build configuration list for PBXNativeTarget "mapBYme" */;
			buildPhases = (
				00ACB3B819540FCC0055A6B4 /* Sources */,
				00ACB3B919540FCC0055A6B4 /* Frameworks */,
				00ACB3BA19540FCC0055A6B4 /* Resources */,
			);
			buildRules = (
			);
			dependencies = (
			);
			name = mapBYme;
			productName = mapBYme;
			productReference = 00ACB3BC19540FCC0055A6B4 /* mapBYme.app */;
			productType = "com.apple.product-type.application";
		};
		00ACB3D619540FCD0055A6B4 /* mapBYmeTests */ = {
			isa = PBXNativeTarget;
			buildConfigurationList = 00ACB3EB19540FCD0055A6B4 /* Build configuration list for PBXNativeTarget "mapBYmeTests" */;
			buildPhases = (
				00ACB3D319540FCD0055A6B4 /* Sources */,
				00ACB3D419540FCD0055A6B4 /* Frameworks */,
				00ACB3D519540FCD0055A6B4 /* Resources */,
			);
			buildRules = (
			);
			dependencies = (
				00ACB3DD19540FCD0055A6B4 /* PBXTargetDependency */,
			);
			name = mapBYmeTests;
			productName = mapBYmeTests;
			productReference = 00ACB3D719540FCD0055A6B4 /* mapBYmeTests.xctest */;
			productType = "com.apple.product-type.bundle.unit-test";
		};
/* End PBXNativeTarget section */

/* Begin PBXProject section */
		00ACB3B419540FCC0055A6B4 /* Project object */ = {
			isa = PBXProject;
			attributes = {
				LastUpgradeCheck = 0510;
				ORGANIZATIONNAME = "Subramani B R";
				TargetAttributes = {
					00ACB3D619540FCD0055A6B4 = {
						TestTargetID = 00ACB3BB19540FCC0055A6B4;
					};
				};
			};
			buildConfigurationList = 00ACB3B719540FCC0055A6B4 /* Build configuration list for PBXProject "mapBYme" */;
			compatibilityVersion = "Xcode 3.2";
			developmentRegion = English;
			hasScannedForEncodings = 0;
			knownRegions = (
				en,
			);
			mainGroup = 00ACB3B319540FCC0055A6B4;
			productRefGroup = 00ACB3BD19540FCC0055A6B4 /* Products */;
			projectDirPath = "";
			projectRoot = "";
			targets = (
				00ACB3BB19540FCC0055A6B4 /* mapBYme */,
				00ACB3D619540FCD0055A6B4 /* mapBYmeTests */,
			);
		};
/* End PBXProject section */

/* Begin PBXResourcesBuildPhase section */
		00ACB3BA19540FCC0055A6B4 /* Resources */ = {
			isa = PBXResourcesBuildPhase;
			buildActionMask = 2147483647;
			files = (
				00AF63F3195C12420001191D /* red_point.png in Resources */,
				00ACB3CA19540FCD0055A6B4 /* InfoPlist.strings in Resources */,
				00ACB3F31954100A0055A6B4 /* ViewControllerMap.xib in Resources */,
				00ACB3D219540FCD0055A6B4 /* Images.xcassets in Resources */,
			);
			runOnlyForDeploymentPostprocessing = 0;
		};
		00ACB3D519540FCD0055A6B4 /* Resources */ = {
			isa = PBXResourcesBuildPhase;
			buildActionMask = 2147483647;
			files = (
				00ACB3E319540FCD0055A6B4 /* InfoPlist.strings in Resources */,
			);
			runOnlyForDeploymentPostprocessing = 0;
		};
/* End PBXResourcesBuildPhase section */

/* Begin PBXSourcesBuildPhase section */
		00ACB3B819540FCC0055A6B4 /* Sources */ = {
			isa = PBXSourcesBuildPhase;
			buildActionMask = 2147483647;
			files = (
				00ACB3F21954100A0055A6B4 /* ViewControllerMap.m in Sources */,
				00A6758D195576A3004CED02 /* MapPoint.m in Sources */,
				00ACB3D019540FCD0055A6B4 /* AppDelegate.m in Sources */,
				00ACB3CC19540FCD0055A6B4 /* main.m in Sources */,
			);
			runOnlyForDeploymentPostprocessing = 0;
		};
		00ACB3D319540FCD0055A6B4 /* Sources */ = {
			isa = PBXSourcesBuildPhase;
			buildActionMask = 2147483647;
			files = (
				00ACB3E519540FCD0055A6B4 /* mapBYmeTests.m in Sources */,
			);
			runOnlyForDeploymentPostprocessing = 0;
		};
/* End PBXSourcesBuildPhase section */

/* Begin PBXTargetDependency section */
		00ACB3DD19540FCD0055A6B4 /* PBXTargetDependency */ = {
			isa = PBXTargetDependency;
			target = 00ACB3BB19540FCC0055A6B4 /* mapBYme */;
			targetProxy = 00ACB3DC19540FCD0055A6B4 /* PBXContainerItemProxy */;
		};
/* End PBXTargetDependency section */

/* Begin PBXVariantGroup section */
		00ACB3C819540FCD0055A6B4 /* InfoPlist.strings */ = {
			isa = PBXVariantGroup;
			children = (
				00ACB3C919540FCD0055A6B4 /* en */,
			);
			name = InfoPlist.strings;
			sourceTree = "<group>";
		};
		00ACB3E119540FCD0055A6B4 /* InfoPlist.strings */ = {
			isa = PBXVariantGroup;
			children = (
				00ACB3E219540FCD0055A6B4 /* en */,
			);
			name = InfoPlist.strings;
			sourceTree = "<group>";
		};
/* End PBXVariantGroup section */

/* Begin XCBuildConfiguration section */
		00ACB3E619540FCD0055A6B4 /* Debug */ = {
			isa = XCBuildConfiguration;
			buildSettings = {
				ALWAYS_SEARCH_USER_PATHS = NO;
				CLANG_CXX_LANGUAGE_STANDARD = "gnu++0x";
				CLANG_CXX_LIBRARY = "libc++";
				CLANG_ENABLE_MODULES = YES;
				CLANG_ENABLE_OBJC_ARC = YES;
				CLANG_WARN_BOOL_CONVERSION = YES;
				CLANG_WARN_CONSTANT_CONVERSION = YES;
				CLANG_WARN_DIRECT_OBJC_ISA_USAGE = YES_ERROR;
				CLANG_WARN_EMPTY_BODY = YES;
				CLANG_WARN_ENUM_CONVERSION = YES;
				CLANG_WARN_INT_CONVERSION = YES;
				CLANG_WARN_OBJC_ROOT_CLASS = YES_ERROR;
				CLANG_WARN__DUPLICATE_METHOD_MATCH = YES;
				"CODE_SIGN_IDENTITY[sdk=iphoneos*]" = "iPhone Developer";
				COPY_PHASE_STRIP = NO;
				GCC_C_LANGUAGE_STANDARD = gnu99;
				GCC_DYNAMIC_NO_PIC = NO;
				GCC_OPTIMIZATION_LEVEL = 0;
				GCC_PREPROCESSOR_DEFINITIONS = (
					"DEBUG=1",
					"$(inherited)",
				);
				GCC_SYMBOLS_PRIVATE_EXTERN = NO;
				GCC_WARN_64_TO_32_BIT_CONVERSION = YES;
				GCC_WARN_ABOUT_RETURN_TYPE = YES_ERROR;
				GCC_WARN_UNDECLARED_SELECTOR = YES;
				GCC_WARN_UNINITIALIZED_AUTOS = YES_AGGRESSIVE;
				GCC_WARN_UNUSED_FUNCTION = YES;
				GCC_WARN_UNUSED_VARIABLE = YES;
				IPHONEOS_DEPLOYMENT_TARGET = 7.1;
				ONLY_ACTIVE_ARCH = YES;
				SDKROOT = iphoneos;
			};
			name = Debug;
		};
		00ACB3E719540FCD0055A6B4 /* Release */ = {
			isa = XCBuildConfiguration;
			buildSettings = {
				ALWAYS_SEARCH_USER_PATHS = NO;
				CLANG_CXX_LANGUAGE_STANDARD = "gnu++0x";
				CLANG_CXX_LIBRARY = "libc++";
				CLANG_ENABLE_MODULES = YES;
				CLANG_ENABLE_OBJC_ARC = YES;
				CLANG_WARN_BOOL_CONVERSION = YES;
				CLANG_WARN_CONSTANT_CONVERSION = YES;
				CLANG_WARN_DIRECT_OBJC_ISA_USAGE = YES_ERROR;
				CLANG_WARN_EMPTY_BODY = YES;
				CLANG_WARN_ENUM_CONVERSION = YES;
				CLANG_WARN_INT_CONVERSION = YES;
				CLANG_WARN_OBJC_ROOT_CLASS = YES_ERROR;
				CLANG_WARN__DUPLICATE_METHOD_MATCH = YES;
				"CODE_SIGN_IDENTITY[sdk=iphoneos*]" = "iPhone Developer";
				COPY_PHASE_STRIP = YES;
				ENABLE_NS_ASSERTIONS = NO;
				GCC_C_LANGUAGE_STANDARD = gnu99;
				GCC_WARN_64_TO_32_BIT_CONVERSION = YES;
				GCC_WARN_ABOUT_RETURN_TYPE = YES_ERROR;
				GCC_WARN_UNDECLARED_SELECTOR = YES;
				GCC_WARN_UNINITIALIZED_AUTOS = YES_AGGRESSIVE;
				GCC_WARN_UNUSED_FUNCTION = YES;
				GCC_WARN_UNUSED_VARIABLE = YES;
				IPHONEOS_DEPLOYMENT_TARGET = 7.1;
				SDKROOT = iphoneos;
				VALIDATE_PRODUCT = YES;
			};
			name = Release;
		};
		00ACB3E919540FCD0055A6B4 /* Debug */ = {
			isa = XCBuildConfiguration;
			buildSettings = {
				ASSETCATALOG_COMPILER_APPICON_NAME = AppIcon;
				ASSETCATALOG_COMPILER_LAUNCHIMAGE_NAME = LaunchImage;
				GCC_PRECOMPILE_PREFIX_HEADER = YES;
				GCC_PREFIX_HEADER = "mapBYme/mapBYme-Prefix.pch";
				INFOPLIST_FILE = "mapBYme/mapBYme-Info.plist";
				PRODUCT_NAME = "$(TARGET_NAME)";
				WRAPPER_EXTENSION = app;
			};
			name = Debug;
		};
		00ACB3EA19540FCD0055A6B4 /* Release */ = {
			isa = XCBuildConfiguration;
			buildSettings = {
				ASSETCATALOG_COMPILER_APPICON_NAME = AppIcon;
				ASSETCATALOG_COMPILER_LAUNCHIMAGE_NAME = LaunchImage;
				GCC_PRECOMPILE_PREFIX_HEADER = YES;
				GCC_PREFIX_HEADER = "mapBYme/mapBYme-Prefix.pch";
				INFOPLIST_FILE = "mapBYme/mapBYme-Info.plist";
				PRODUCT_NAME = "$(TARGET_NAME)";
				WRAPPER_EXTENSION = app;
			};
			name = Release;
		};
		00ACB3EC19540FCD0055A6B4 /* Debug */ = {
			isa = XCBuildConfiguration;
			buildSettings = {
				BUNDLE_LOADER = "$(BUILT_PRODUCTS_DIR)/mapBYme.app/mapBYme";
				FRAMEWORK_SEARCH_PATHS = (
					"$(SDKROOT)/Developer/Library/Frameworks",
					"$(inherited)",
					"$(DEVELOPER_FRAMEWORKS_DIR)",
				);
				GCC_PRECOMPILE_PREFIX_HEADER = YES;
				GCC_PREFIX_HEADER = "mapBYme/mapBYme-Prefix.pch";
				GCC_PREPROCESSOR_DEFINITIONS = (
					"DEBUG=1",
					"$(inherited)",
				);
				INFOPLIST_FILE = "mapBYmeTests/mapBYmeTests-Info.plist";
				PRODUCT_NAME = "$(TARGET_NAME)";
				TEST_HOST = "$(BUNDLE_LOADER)";
				WRAPPER_EXTENSION = xctest;
			};
			name = Debug;
		};
		00ACB3ED19540FCD0055A6B4 /* Release */ = {
			isa = XCBuildConfiguration;
			buildSettings = {
				BUNDLE_LOADER = "$(BUILT_PRODUCTS_DIR)/mapBYme.app/mapBYme";
				FRAMEWORK_SEARCH_PATHS = (
					"$(SDKROOT)/Developer/Library/Frameworks",
					"$(inherited)",
					"$(DEVELOPER_FRAMEWORKS_DIR)",
				);
				GCC_PRECOMPILE_PREFIX_HEADER = YES;
				GCC_PREFIX_HEADER = "mapBYme/mapBYme-Prefix.pch";
				INFOPLIST_FILE = "mapBYmeTests/mapBYmeTests-Info.plist";
				PRODUCT_NAME = "$(TARGET_NAME)";
				TEST_HOST = "$(BUNDLE_LOADER)";
				WRAPPER_EXTENSION = xctest;
			};
			name = Release;
		};
/* End XCBuildConfiguration section */

/* Begin XCConfigurationList section */
		00ACB3B719540FCC0055A6B4 /* Build configuration list for PBXProject "mapBYme" */ = {
			isa = XCConfigurationList;
			buildConfigurations = (
				00ACB3E619540FCD0055A6B4 /* Debug */,
				00ACB3E719540FCD0055A6B4 /* Release */,
			);
			defaultConfigurationIsVisible = 0;
			defaultConfigurationName = Release;
		};
		00ACB3E819540FCD0055A6B4 /* Build configuration list for PBXNativeTarget "mapBYme" */ = {
			isa = XCConfigurationList;
			buildConfigurations = (
				00ACB3E919540FCD0055A6B4 /* Debug */,
				00ACB3EA19540FCD0055A6B4 /* Release */,
			);
			defaultConfigurationIsVisible = 0;
			defaultConfigurationName = Release;
		};
		00ACB3EB19540FCD0055A6B4 /* Build configuration list for PBXNativeTarget "mapBYmeTests" */ = {
			isa = XCConfigurationList;
			buildConfigurations = (
				00ACB3EC19540FCD0055A6B4 /* Debug */,
				00ACB3ED19540FCD0055A6B4 /* Release */,
			);
			defaultConfigurationIsVisible = 0;
			defaultConfigurationName = Release;
		};
/* End XCConfigurationList section */
	};
	rootObject = 00ACB3B419540FCC0055A6B4 /* Project object */;
}
